
Microsoft Visual Studio Solution File, Format Version 12.00
Project("{FAE04EC0-301F-11D3-BF4B-00C04F79EFBC}") = "icon-manager", "icon-manager\icon-manager.csproj", "{EEE797DF-553C-4317-B9C5-D50A6B3874FD}"
EndProject
Global
	GlobalSection(SolutionConfigurationPlatforms) = preSolution
		Debug|Any CPU = Debug|Any CPU
		Release|Any CPU = Release|Any CPU
	EndGlobalSection
	GlobalSection(ProjectConfigurationPlatforms) = postSolution
		{EEE797DF-553C-4317-B9C5-D50A6B3874FD}.Debug|Any CPU.ActiveCfg = Debug|Any CPU
		{EEE797DF-553C-4317-B9C5-D50A6B3874FD}.Debug|Any CPU.Build.0 = Debug|Any CPU
		{EEE797DF-553C-4317-B9C5-D50A6B3874FD}.Release|Any CPU.ActiveCfg = Release|Any CPU
		{EEE797DF-553C-4317-B9C5-D50A6B3874FD}.Release|Any CPU.Build.0 = Release|Any CPU
	EndGlobalSection
EndGlobal
